
Microsoft Visual Studio Solution File, Format Version 12.00
# Visual Studio Version 17
VisualStudioVersion = 17.5.33530.505
MinimumVisualStudioVersion = 10.0.40219.1
Project("{8BC9CEB8-8B4A-11D0-8D11-00A0C91BC942}") = "Smple", "Smple\Smple.vcxproj", "{4C2209E5-E157-474A-92FA-199B4B60C883}"
EndProject
Project("{8BC9CEB8-8B4A-11D0-8D11-00A0C91BC942}") = "Development", "Development\Development.vcxproj", "{1B87DA6C-82E5-4DD5-8D0A-97FA3987E4B7}"
EndProject
Global
	GlobalSection(SolutionConfigurationPlatforms) = preSolution
		Debug|x64 = Debug|x64
		Debug|x86 = Debug|x86
		Release|x64 = Release|x64
		Release|x86 = Release|x86
	EndGlobalSection
	GlobalSection(ProjectConfigurationPlatforms) = postSolution
		{4C2209E5-E157-474A-92FA-199B4B60C883}.Debug|x64.ActiveCfg = Debug|x64
		{4C2209E5-E157-474A-92FA-199B4B60C883}.Debug|x64.Build.0 = Debug|x64
		{4C2209E5-E157-474A-92FA-199B4B60C883}.Debug|x86.ActiveCfg = Debug|Win32
		{4C2209E5-E157-474A-92FA-199B4B60C883}.Debug|x86.Build.0 = Debug|Win32
		{4C2209E5-E157-474A-92FA-199B4B60C883}.Release|x64.ActiveCfg = Release|x64
		{4C2209E5-E157-474A-92FA-199B4B60C883}.Release|x64.Build.0 = Release|x64
		{4C2209E5-E157-474A-92FA-199B4B60C883}.Release|x86.ActiveCfg = Release|Win32
		{4C2209E5-E157-474A-92FA-199B4B60C883}.Release|x86.Build.0 = Release|Win32
		{1B87DA6C-82E5-4DD5-8D0A-97FA3987E4B7}.Debug|x64.ActiveCfg = Debug|x64
		{1B87DA6C-82E5-4DD5-8D0A-97FA3987E4B7}.Debug|x64.Build.0 = Debug|x64
		{1B87DA6C-82E5-4DD5-8D0A-97FA3987E4B7}.Debug|x86.ActiveCfg = Debug|Win32
		{1B87DA6C-82E5-4DD5-8D0A-97FA3987E4B7}.Debug|x86.Build.0 = Debug|Win32
		{1B87DA6C-82E5-4DD5-8D0A-97FA3987E4B7}.Release|x64.ActiveCfg = Release|x64
		{1B87DA6C-82E5-4DD5-8D0A-97FA3987E4B7}.Release|x64.Build.0 = Release|x64
		{1B87DA6C-82E5-4DD5-8D0A-97FA3987E4B7}.Release|x86.ActiveCfg = Release|Win32
		{1B87DA6C-82E5-4DD5-8D0A-97FA3987E4B7}.Release|x86.Build.0 = Release|Win32
	EndGlobalSection
	GlobalSection(SolutionProperties) = preSolution
		HideSolutionNode = FALSE
	EndGlobalSection
	GlobalSection(ExtensibilityGlobals) = postSolution
		SolutionGuid = {A5D3EACF-5E4C-4141-9770-8A2491263B3A}
	EndGlobalSection
EndGlobal
